// !$*UTF8*$!
{
	archiveVersion = 1;
	classes = {
	};
	objectVersion = 50;
	objects = {

/* Begin PBXBuildFile section */
		9499FF6C208A42990028F70B /* AppDelegate.swift in Sources */ = {isa = PBXBuildFile; fileRef = 9499FF6B208A42990028F70B /* AppDelegate.swift */; };
		9499FF6E208A42990028F70B /* ViewController.swift in Sources */ = {isa = PBXBuildFile; fileRef = 9499FF6D208A42990028F70B /* ViewController.swift */; };
		9499FF71208A42990028F70B /* Main.storyboard in Resources */ = {isa = PBXBuildFile; fileRef = 9499FF6F208A42990028F70B /* Main.storyboard */; };
		9499FF73208A429A0028F70B /* Assets.xcassets in Resources */ = {isa = PBXBuildFile; fileRef = 9499FF72208A429A0028F70B /* Assets.xcassets */; };
		9499FF76208A429A0028F70B /* LaunchScreen.storyboard in Resources */ = {isa = PBXBuildFile; fileRef = 9499FF74208A429A0028F70B /* LaunchScreen.storyboard */; };
		9499FF81208A429B0028F70B /* iMusicTests.swift in Sources */ = {isa = PBXBuildFile; fileRef = 9499FF80208A429B0028F70B /* iMusicTests.swift */; };
		9499FF8C208A429B0028F70B /* iMusicUITests.swift in Sources */ = {isa = PBXBuildFile; fileRef = 9499FF8B208A429B0028F70B /* iMusicUITests.swift */; };
/* End PBXBuildFile section */

/* Begin PBXContainerItemProxy section */
		9499FF7D208A429B0028F70B /* PBXContainerItemProxy */ = {
			isa = PBXContainerItemProxy;
			containerPortal = 9499FF60208A42990028F70B /* Project object */;
			proxyType = 1;
			remoteGlobalIDString = 9499FF67208A42990028F70B;
			remoteInfo = iMusic;
		};
		9499FF88208A429B0028F70B /* PBXContainerItemProxy */ = {
			isa = PBXContainerItemProxy;
			containerPortal = 9499FF60208A42990028F70B /* Project object */;
			proxyType = 1;
			remoteGlobalIDString = 9499FF67208A42990028F70B;
			remoteInfo = iMusic;
		};
/* End PBXContainerItemProxy section */

/* Begin PBXFileReference section */
		9499FF68208A42990028F70B /* iMusic.app */ = {isa = PBXFileReference; explicitFileType = wrapper.application; includeInIndex = 0; path = iMusic.app; sourceTree = BUILT_PRODUCTS_DIR; };
		9499FF6B208A42990028F70B /* AppDelegate.swift */ = {isa = PBXFileReference; lastKnownFileType = sourcecode.swift; path = AppDelegate.swift; sourceTree = "<group>"; };
		9499FF6D208A42990028F70B /* ViewController.swift */ = {isa = PBXFileReference; lastKnownFileType = sourcecode.swift; path = ViewController.swift; sourceTree = "<group>"; };
		9499FF70208A42990028F70B /* Base */ = {isa = PBXFileReference; lastKnownFileType = file.storyboard; name = Base; path = Base.lproj/Main.storyboard; sourceTree = "<group>"; };
		9499FF72208A429A0028F70B /* Assets.xcassets */ = {isa = PBXFileReference; lastKnownFileType = folder.assetcatalog; path = Assets.xcassets; sourceTree = "<group>"; };
		9499FF75208A429A0028F70B /* Base */ = {isa = PBXFileReference; lastKnownFileType = file.storyboard; name = Base; path = Base.lproj/LaunchScreen.storyboard; sourceTree = "<group>"; };
		9499FF77208A429A0028F70B /* Info.plist */ = {isa = PBXFileReference; lastKnownFileType = text.plist.xml; path = Info.plist; sourceTree = "<group>"; };
		9499FF7C208A429B0028F70B /* iMusicTests.xctest */ = {isa = PBXFileReference; explicitFileType = wrapper.cfbundle; includeInIndex = 0; path = iMusicTests.xctest; sourceTree = BUILT_PRODUCTS_DIR; };
		9499FF80208A429B0028F70B /* iMusicTests.swift */ = {isa = PBXFileReference; lastKnownFileType = sourcecode.swift; path = iMusicTests.swift; sourceTree = "<group>"; };
		9499FF82208A429B0028F70B /* Info.plist */ = {isa = PBXFileReference; lastKnownFileType = text.plist.xml; path = Info.plist; sourceTree = "<group>"; };
		9499FF87208A429B0028F70B /* iMusicUITests.xctest */ = {isa = PBXFileReference; explicitFileType = wrapper.cfbundle; includeInIndex = 0; path = iMusicUITests.xctest; sourceTree = BUILT_PRODUCTS_DIR; };
		9499FF8B208A429B0028F70B /* iMusicUITests.swift */ = {isa = PBXFileReference; lastKnownFileType = sourcecode.swift; path = iMusicUITests.swift; sourceTree = "<group>"; };
		9499FF8D208A429B0028F70B /* Info.plist */ = {isa = PBXFileReference; lastKnownFileType = text.plist.xml; path = Info.plist; sourceTree = "<group>"; };
/* End PBXFileReference section */

/* Begin PBXFrameworksBuildPhase section */
		9499FF65208A42990028F70B /* Frameworks */ = {
			isa = PBXFrameworksBuildPhase;
			buildActionMask = 2147483647;
			files = (
			);
			runOnlyForDeploymentPostprocessing = 0;
		};
		9499FF79208A429B0028F70B /* Frameworks */ = {
			isa = PBXFrameworksBuildPhase;
			buildActionMask = 2147483647;
			files = (
			);
			runOnlyForDeploymentPostprocessing = 0;
		};
		9499FF84208A429B0028F70B /* Frameworks */ = {
			isa = PBXFrameworksBuildPhase;
			buildActionMask = 2147483647;
			files = (
			);
			runOnlyForDeploymentPostprocessing = 0;
		};
/* End PBXFrameworksBuildPhase section */

/* Begin PBXGroup section */
		9499FF5F208A42990028F70B = {
			isa = PBXGroup;
			children = (
				9499FF6A208A42990028F70B /* iMusic */,
				9499FF7F208A429B0028F70B /* iMusicTests */,
				9499FF8A208A429B0028F70B /* iMusicUITests */,
				9499FF69208A42990028F70B /* Products */,
			);
			sourceTree = "<group>";
		};
		9499FF69208A42990028F70B /* Products */ = {
			isa = PBXGroup;
			children = (
				9499FF68208A42990028F70B /* iMusic.app */,
				9499FF7C208A429B0028F70B /* iMusicTests.xctest */,
				9499FF87208A429B0028F70B /* iMusicUITests.xctest */,
			);
			name = Products;
			sourceTree = "<group>";
		};
		9499FF6A208A42990028F70B /* iMusic */ = {
			isa = PBXGroup;
			children = (
				9499FF6B208A42990028F70B /* AppDelegate.swift */,
				9499FF6D208A42990028F70B /* ViewController.swift */,
				9499FF6F208A42990028F70B /* Main.storyboard */,
				9499FF72208A429A0028F70B /* Assets.xcassets */,
				9499FF74208A429A0028F70B /* LaunchScreen.storyboard */,
				9499FF77208A429A0028F70B /* Info.plist */,
			);
			path = iMusic;
			sourceTree = "<group>";
		};
		9499FF7F208A429B0028F70B /* iMusicTests */ = {
			isa = PBXGroup;
			children = (
				9499FF80208A429B0028F70B /* iMusicTests.swift */,
				9499FF82208A429B0028F70B /* Info.plist */,
			);
			path = iMusicTests;
			sourceTree = "<group>";
		};
		9499FF8A208A429B0028F70B /* iMusicUITests */ = {
			isa = PBXGroup;
			children = (
				9499FF8B208A429B0028F70B /* iMusicUITests.swift */,
				9499FF8D208A429B0028F70B /* Info.plist */,
			);
			path = iMusicUITests;
			sourceTree = "<group>";
		};
/* End PBXGroup section */

/* Begin PBXNativeTarget section */
		9499FF67208A42990028F70B /* iMusic */ = {
			isa = PBXNativeTarget;
			buildConfigurationList = 9499FF90208A429B0028F70B /* Build configuration list for PBXNativeTarget "iMusic" */;
			buildPhases = (
				9499FF64208A42990028F70B /* Sources */,
				9499FF65208A42990028F70B /* Frameworks */,
				9499FF66208A42990028F70B /* Resources */,
			);
			buildRules = (
			);
			dependencies = (
			);
			name = iMusic;
			productName = iMusic;
			productReference = 9499FF68208A42990028F70B /* iMusic.app */;
			productType = "com.apple.product-type.application";
		};
		9499FF7B208A429B0028F70B /* iMusicTests */ = {
			isa = PBXNativeTarget;
			buildConfigurationList = 9499FF93208A429B0028F70B /* Build configuration list for PBXNativeTarget "iMusicTests" */;
			buildPhases = (
				9499FF78208A429B0028F70B /* Sources */,
				9499FF79208A429B0028F70B /* Frameworks */,
				9499FF7A208A429B0028F70B /* Resources */,
			);
			buildRules = (
			);
			dependencies = (
				9499FF7E208A429B0028F70B /* PBXTargetDependency */,
			);
			name = iMusicTests;
			productName = iMusicTests;
			productReference = 9499FF7C208A429B0028F70B /* iMusicTests.xctest */;
			productType = "com.apple.product-type.bundle.unit-test";
		};
		9499FF86208A429B0028F70B /* iMusicUITests */ = {
			isa = PBXNativeTarget;
			buildConfigurationList = 9499FF96208A429B0028F70B /* Build configuration list for PBXNativeTarget "iMusicUITests" */;
			buildPhases = (
				9499FF83208A429B0028F70B /* Sources */,
				9499FF84208A429B0028F70B /* Frameworks */,
				9499FF85208A429B0028F70B /* Resources */,
			);
			buildRules = (
			);
			dependencies = (
				9499FF89208A429B0028F70B /* PBXTargetDependency */,
			);
			name = iMusicUITests;
			productName = iMusicUITests;
			productReference = 9499FF87208A429B0028F70B /* iMusicUITests.xctest */;
			productType = "com.apple.product-type.bundle.ui-testing";
		};
/* End PBXNativeTarget section */

/* Begin PBXProject section */
		9499FF60208A42990028F70B /* Project object */ = {
			isa = PBXProject;
			attributes = {
				LastSwiftUpdateCheck = 0930;
				LastUpgradeCheck = 0930;
				ORGANIZATIONNAME = "Alyona Hulak";
				TargetAttributes = {
					9499FF67208A42990028F70B = {
						CreatedOnToolsVersion = 9.3;
					};
					9499FF7B208A429B0028F70B = {
						CreatedOnToolsVersion = 9.3;
						TestTargetID = 9499FF67208A42990028F70B;
					};
					9499FF86208A429B0028F70B = {
						CreatedOnToolsVersion = 9.3;
						TestTargetID = 9499FF67208A42990028F70B;
					};
				};
			};
			buildConfigurationList = 9499FF63208A42990028F70B /* Build configuration list for PBXProject "iMusic" */;
			compatibilityVersion = "Xcode 9.3";
			developmentRegion = en;
			hasScannedForEncodings = 0;
			knownRegions = (
				en,
				Base,
			);
			mainGroup = 9499FF5F208A42990028F70B;
			productRefGroup = 9499FF69208A42990028F70B /* Products */;
			projectDirPath = "";
			projectRoot = "";
			targets = (
				9499FF67208A42990028F70B /* iMusic */,
				9499FF7B208A429B0028F70B /* iMusicTests */,
				9499FF86208A429B0028F70B /* iMusicUITests */,
			);
		};
/* End PBXProject section */

/* Begin PBXResourcesBuildPhase section */
		9499FF66208A42990028F70B /* Resources */ = {
			isa = PBXResourcesBuildPhase;
			buildActionMask = 2147483647;
			files = (
				9499FF76208A429A0028F70B /* LaunchScreen.storyboard in Resources */,
				9499FF73208A429A0028F70B /* Assets.xcassets in Resources */,
				9499FF71208A42990028F70B /* Main.storyboard in Resources */,
			);
			runOnlyForDeploymentPostprocessing = 0;
		};
		9499FF7A208A429B0028F70B /* Resources */ = {
			isa = PBXResourcesBuildPhase;
			buildActionMask = 2147483647;
			files = (
			);
			runOnlyForDeploymentPostprocessing = 0;
		};
		9499FF85208A429B0028F70B /* Resources */ = {
			isa = PBXResourcesBuildPhase;
			buildActionMask = 2147483647;
			files = (
			);
			runOnlyForDeploymentPostprocessing = 0;
		};
/* End PBXResourcesBuildPhase section */

/* Begin PBXSourcesBuildPhase section */
		9499FF64208A42990028F70B /* Sources */ = {
			isa = PBXSourcesBuildPhase;
			buildActionMask = 2147483647;
			files = (
				9499FF6E208A42990028F70B /* ViewController.swift in Sources */,
				9499FF6C208A42990028F70B /* AppDelegate.swift in Sources */,
			);
			runOnlyForDeploymentPostprocessing = 0;
		};
		9499FF78208A429B0028F70B /* Sources */ = {
			isa = PBXSourcesBuildPhase;
			buildActionMask = 2147483647;
			files = (
				9499FF81208A429B0028F70B /* iMusicTests.swift in Sources */,
			);
			runOnlyForDeploymentPostprocessing = 0;
		};
		9499FF83208A429B0028F70B /* Sources */ = {
			isa = PBXSourcesBuildPhase;
			buildActionMask = 2147483647;
			files = (
				9499FF8C208A429B0028F70B /* iMusicUITests.swift in Sources */,
			);
			runOnlyForDeploymentPostprocessing = 0;
		};
/* End PBXSourcesBuildPhase section */

/* Begin PBXTargetDependency section */
		9499FF7E208A429B0028F70B /* PBXTargetDependency */ = {
			isa = PBXTargetDependency;
			target = 9499FF67208A42990028F70B /* iMusic */;
			targetProxy = 9499FF7D208A429B0028F70B /* PBXContainerItemProxy */;
		};
		9499FF89208A429B0028F70B /* PBXTargetDependency */ = {
			isa = PBXTargetDependency;
			target = 9499FF67208A42990028F70B /* iMusic */;
			targetProxy = 9499FF88208A429B0028F70B /* PBXContainerItemProxy */;
		};
/* End PBXTargetDependency section */

/* Begin PBXVariantGroup section */
		9499FF6F208A42990028F70B /* Main.storyboard */ = {
			isa = PBXVariantGroup;
			children = (
				9499FF70208A42990028F70B /* Base */,
			);
			name = Main.storyboard;
			sourceTree = "<group>";
		};
		9499FF74208A429A0028F70B /* LaunchScreen.storyboard */ = {
			isa = PBXVariantGroup;
			children = (
				9499FF75208A429A0028F70B /* Base */,
			);
			name = LaunchScreen.storyboard;
			sourceTree = "<group>";
		};
/* End PBXVariantGroup section */

/* Begin XCBuildConfiguration section */
		9499FF8E208A429B0028F70B /* Debug */ = {
			isa = XCBuildConfiguration;
			buildSettings = {
				ALWAYS_SEARCH_USER_PATHS = NO;
				CLANG_ANALYZER_NONNULL = YES;
				CLANG_ANALYZER_NUMBER_OBJECT_CONVERSION = YES_AGGRESSIVE;
				CLANG_CXX_LANGUAGE_STANDARD = "gnu++14";
				CLANG_CXX_LIBRARY = "libc++";
				CLANG_ENABLE_MODULES = YES;
				CLANG_ENABLE_OBJC_ARC = YES;
				CLANG_ENABLE_OBJC_WEAK = YES;
				CLANG_WARN_BLOCK_CAPTURE_AUTORELEASING = YES;
				CLANG_WARN_BOOL_CONVERSION = YES;
				CLANG_WARN_COMMA = YES;
				CLANG_WARN_CONSTANT_CONVERSION = YES;
				CLANG_WARN_DEPRECATED_OBJC_IMPLEMENTATIONS = YES;
				CLANG_WARN_DIRECT_OBJC_ISA_USAGE = YES_ERROR;
				CLANG_WARN_DOCUMENTATION_COMMENTS = YES;
				CLANG_WARN_EMPTY_BODY = YES;
				CLANG_WARN_ENUM_CONVERSION = YES;
				CLANG_WARN_INFINITE_RECURSION = YES;
				CLANG_WARN_INT_CONVERSION = YES;
				CLANG_WARN_NON_LITERAL_NULL_CONVERSION = YES;
				CLANG_WARN_OBJC_IMPLICIT_RETAIN_SELF = YES;
				CLANG_WARN_OBJC_LITERAL_CONVERSION = YES;
				CLANG_WARN_OBJC_ROOT_CLASS = YES_ERROR;
				CLANG_WARN_RANGE_LOOP_ANALYSIS = YES;
				CLANG_WARN_STRICT_PROTOTYPES = YES;
				CLANG_WARN_SUSPICIOUS_MOVE = YES;
				CLANG_WARN_UNGUARDED_AVAILABILITY = YES_AGGRESSIVE;
				CLANG_WARN_UNREACHABLE_CODE = YES;
				CLANG_WARN__DUPLICATE_METHOD_MATCH = YES;
				CODE_SIGN_IDENTITY = "iPhone Developer";
				COPY_PHASE_STRIP = NO;
				DEBUG_INFORMATION_FORMAT = dwarf;
				ENABLE_STRICT_OBJC_MSGSEND = YES;
				ENABLE_TESTABILITY = YES;
				GCC_C_LANGUAGE_STANDARD = gnu11;
				GCC_DYNAMIC_NO_PIC = NO;
				GCC_NO_COMMON_BLOCKS = YES;
				GCC_OPTIMIZATION_LEVEL = 0;
				GCC_PREPROCESSOR_DEFINITIONS = (
					"DEBUG=1",
					"$(inherited)",
				);
				GCC_WARN_64_TO_32_BIT_CONVERSION = YES;
				GCC_WARN_ABOUT_RETURN_TYPE = YES_ERROR;
				GCC_WARN_UNDECLARED_SELECTOR = YES;
				GCC_WARN_UNINITIALIZED_AUTOS = YES_AGGRESSIVE;
				GCC_WARN_UNUSED_FUNCTION = YES;
				GCC_WARN_UNUSED_VARIABLE = YES;
				IPHONEOS_DEPLOYMENT_TARGET = 11.3;
				MTL_ENABLE_DEBUG_INFO = YES;
				ONLY_ACTIVE_ARCH = YES;
				SDKROOT = iphoneos;
				SWIFT_ACTIVE_COMPILATION_CONDITIONS = DEBUG;
				SWIFT_OPTIMIZATION_LEVEL = "-Onone";
			};
			name = Debug;
		};
		9499FF8F208A429B0028F70B /* Release */ = {
			isa = XCBuildConfiguration;
			buildSettings = {
				ALWAYS_SEARCH_USER_PATHS = NO;
				CLANG_ANALYZER_NONNULL = YES;
				CLANG_ANALYZER_NUMBER_OBJECT_CONVERSION = YES_AGGRESSIVE;
				CLANG_CXX_LANGUAGE_STANDARD = "gnu++14";
				CLANG_CXX_LIBRARY = "libc++";
				CLANG_ENABLE_MODULES = YES;
				CLANG_ENABLE_OBJC_ARC = YES;
				CLANG_ENABLE_OBJC_WEAK = YES;
				CLANG_WARN_BLOCK_CAPTURE_AUTORELEASING = YES;
				CLANG_WARN_BOOL_CONVERSION = YES;
				CLANG_WARN_COMMA = YES;
				CLANG_WARN_CONSTANT_CONVERSION = YES;
				CLANG_WARN_DEPRECATED_OBJC_IMPLEMENTATIONS = YES;
				CLANG_WARN_DIRECT_OBJC_ISA_USAGE = YES_ERROR;
				CLANG_WARN_DOCUMENTATION_COMMENTS = YES;
				CLANG_WARN_EMPTY_BODY = YES;
				CLANG_WARN_ENUM_CONVERSION = YES;
				CLANG_WARN_INFINITE_RECURSION = YES;
				CLANG_WARN_INT_CONVERSION = YES;
				CLANG_WARN_NON_LITERAL_NULL_CONVERSION = YES;
				CLANG_WARN_OBJC_IMPLICIT_RETAIN_SELF = YES;
				CLANG_WARN_OBJC_LITERAL_CONVERSION = YES;
				CLANG_WARN_OBJC_ROOT_CLASS = YES_ERROR;
				CLANG_WARN_RANGE_LOOP_ANALYSIS = YES;
				CLANG_WARN_STRICT_PROTOTYPES = YES;
				CLANG_WARN_SUSPICIOUS_MOVE = YES;
				CLANG_WARN_UNGUARDED_AVAILABILITY = YES_AGGRESSIVE;
				CLANG_WARN_UNREACHABLE_CODE = YES;
				CLANG_WARN__DUPLICATE_METHOD_MATCH = YES;
				CODE_SIGN_IDENTITY = "iPhone Developer";
				COPY_PHASE_STRIP = NO;
				DEBUG_INFORMATION_FORMAT = "dwarf-with-dsym";
				ENABLE_NS_ASSERTIONS = NO;
				ENABLE_STRICT_OBJC_MSGSEND = YES;
				GCC_C_LANGUAGE_STANDARD = gnu11;
				GCC_NO_COMMON_BLOCKS = YES;
				GCC_WARN_64_TO_32_BIT_CONVERSION = YES;
				GCC_WARN_ABOUT_RETURN_TYPE = YES_ERROR;
				GCC_WARN_UNDECLARED_SELECTOR = YES;
				GCC_WARN_UNINITIALIZED_AUTOS = YES_AGGRESSIVE;
				GCC_WARN_UNUSED_FUNCTION = YES;
				GCC_WARN_UNUSED_VARIABLE = YES;
				IPHONEOS_DEPLOYMENT_TARGET = 11.3;
				MTL_ENABLE_DEBUG_INFO = NO;
				SDKROOT = iphoneos;
				SWIFT_COMPILATION_MODE = wholemodule;
				SWIFT_OPTIMIZATION_LEVEL = "-O";
				VALIDATE_PRODUCT = YES;
			};
			name = Release;
		};
		9499FF91208A429B0028F70B /* Debug */ = {
			isa = XCBuildConfiguration;
			buildSettings = {
				ASSETCATALOG_COMPILER_APPICON_NAME = AppIcon;
				CODE_SIGN_STYLE = Automatic;
				INFOPLIST_FILE = iMusic/Info.plist;
				LD_RUNPATH_SEARCH_PATHS = (
					"$(inherited)",
					"@executable_path/Frameworks",
				);
				PRODUCT_BUNDLE_IDENTIFIER = gulaksoft.iMusic;
				PRODUCT_NAME = "$(TARGET_NAME)";
				SWIFT_VERSION = 4.0;
				TARGETED_DEVICE_FAMILY = "1,2";
			};
			name = Debug;
		};
		9499FF92208A429B0028F70B /* Release */ = {
			isa = XCBuildConfiguration;
			buildSettings = {
				ASSETCATALOG_COMPILER_APPICON_NAME = AppIcon;
				CODE_SIGN_STYLE = Automatic;
				INFOPLIST_FILE = iMusic/Info.plist;
				LD_RUNPATH_SEARCH_PATHS = (
					"$(inherited)",
					"@executable_path/Frameworks",
				);
				PRODUCT_BUNDLE_IDENTIFIER = gulaksoft.iMusic;
				PRODUCT_NAME = "$(TARGET_NAME)";
				SWIFT_VERSION = 4.0;
				TARGETED_DEVICE_FAMILY = "1,2";
			};
			name = Release;
		};
		9499FF94208A429B0028F70B /* Debug */ = {
			isa = XCBuildConfiguration;
			buildSettings = {
				ALWAYS_EMBED_SWIFT_STANDARD_LIBRARIES = YES;
				BUNDLE_LOADER = "$(TEST_HOST)";
				CODE_SIGN_STYLE = Automatic;
				INFOPLIST_FILE = iMusicTests/Info.plist;
				LD_RUNPATH_SEARCH_PATHS = (
					"$(inherited)",
					"@executable_path/Frameworks",
					"@loader_path/Frameworks",
				);
				PRODUCT_BUNDLE_IDENTIFIER = gulaksoft.iMusicTests;
				PRODUCT_NAME = "$(TARGET_NAME)";
				SWIFT_VERSION = 4.0;
				TARGETED_DEVICE_FAMILY = "1,2";
				TEST_HOST = "$(BUILT_PRODUCTS_DIR)/iMusic.app/iMusic";
			};
			name = Debug;
		};
		9499FF95208A429B0028F70B /* Release */ = {
			isa = XCBuildConfiguration;
			buildSettings = {
				ALWAYS_EMBED_SWIFT_STANDARD_LIBRARIES = YES;
				BUNDLE_LOADER = "$(TEST_HOST)";
				CODE_SIGN_STYLE = Automatic;
				INFOPLIST_FILE = iMusicTests/Info.plist;
				LD_RUNPATH_SEARCH_PATHS = (
					"$(inherited)",
					"@executable_path/Frameworks",
					"@loader_path/Frameworks",
				);
				PRODUCT_BUNDLE_IDENTIFIER = gulaksoft.iMusicTests;
				PRODUCT_NAME = "$(TARGET_NAME)";
				SWIFT_VERSION = 4.0;
				TARGETED_DEVICE_FAMILY = "1,2";
				TEST_HOST = "$(BUILT_PRODUCTS_DIR)/iMusic.app/iMusic";
			};
			name = Release;
		};
		9499FF97208A429B0028F70B /* Debug */ = {
			isa = XCBuildConfiguration;
			buildSettings = {
				ALWAYS_EMBED_SWIFT_STANDARD_LIBRARIES = YES;
				CODE_SIGN_STYLE = Automatic;
				INFOPLIST_FILE = iMusicUITests/Info.plist;
				LD_RUNPATH_SEARCH_PATHS = (
					"$(inherited)",
					"@executable_path/Frameworks",
					"@loader_path/Frameworks",
				);
				PRODUCT_BUNDLE_IDENTIFIER = gulaksoft.iMusicUITests;
				PRODUCT_NAME = "$(TARGET_NAME)";
				SWIFT_VERSION = 4.0;
				TARGETED_DEVICE_FAMILY = "1,2";
				TEST_TARGET_NAME = iMusic;
			};
			name = Debug;
		};
		9499FF98208A429B0028F70B /* Release */ = {
			isa = XCBuildConfiguration;
			buildSettings = {
				ALWAYS_EMBED_SWIFT_STANDARD_LIBRARIES = YES;
				CODE_SIGN_STYLE = Automatic;
				INFOPLIST_FILE = iMusicUITests/Info.plist;
				LD_RUNPATH_SEARCH_PATHS = (
					"$(inherited)",
					"@executable_path/Frameworks",
					"@loader_path/Frameworks",
				);
				PRODUCT_BUNDLE_IDENTIFIER = gulaksoft.iMusicUITests;
				PRODUCT_NAME = "$(TARGET_NAME)";
				SWIFT_VERSION = 4.0;
				TARGETED_DEVICE_FAMILY = "1,2";
				TEST_TARGET_NAME = iMusic;
			};
			name = Release;
		};
/* End XCBuildConfiguration section */

/* Begin XCConfigurationList section */
		9499FF63208A42990028F70B /* Build configuration list for PBXProject "iMusic" */ = {
			isa = XCConfigurationList;
			buildConfigurations = (
				9499FF8E208A429B0028F70B /* Debug */,
				9499FF8F208A429B0028F70B /* Release */,
			);
			defaultConfigurationIsVisible = 0;
			defaultConfigurationName = Release;
		};
		9499FF90208A429B0028F70B /* Build configuration list for PBXNativeTarget "iMusic" */ = {
			isa = XCConfigurationList;
			buildConfigurations = (
				9499FF91208A429B0028F70B /* Debug */,
				9499FF92208A429B0028F70B /* Release */,
			);
			defaultConfigurationIsVisible = 0;
			defaultConfigurationName = Release;
		};
		9499FF93208A429B0028F70B /* Build configuration list for PBXNativeTarget "iMusicTests" */ = {
			isa = XCConfigurationList;
			buildConfigurations = (
				9499FF94208A429B0028F70B /* Debug */,
				9499FF95208A429B0028F70B /* Release */,
			);
			defaultConfigurationIsVisible = 0;
			defaultConfigurationName = Release;
		};
		9499FF96208A429B0028F70B /* Build configuration list for PBXNativeTarget "iMusicUITests" */ = {
			isa = XCConfigurationList;
			buildConfigurations = (
				9499FF97208A429B0028F70B /* Debug */,
				9499FF98208A429B0028F70B /* Release */,
			);
			defaultConfigurationIsVisible = 0;
			defaultConfigurationName = Release;
		};
/* End XCConfigurationList section */
	};
	rootObject = 9499FF60208A42990028F70B /* Project object */;
}
